
Microsoft Visual Studio Solution File, Format Version 12.00
# Visual Studio Version 17
VisualStudioVersion = 17.6.33815.320
MinimumVisualStudioVersion = 10.0.40219.1
Project("{FAE04EC0-301F-11D3-BF4B-00C04F79EFBC}") = "DiagramEase", "DiagramEase\DiagramEase.csproj", "{520C476A-6571-452A-B879-6C006F89B142}"
EndProject
Global
	GlobalSection(SolutionConfigurationPlatforms) = preSolution
		Debug|Any CPU = Debug|Any CPU
		Release|Any CPU = Release|Any CPU
	EndGlobalSection
	GlobalSection(ProjectConfigurationPlatforms) = postSolution
		{520C476A-6571-452A-B879-6C006F89B142}.Debug|Any CPU.ActiveCfg = Debug|Any CPU
		{520C476A-6571-452A-B879-6C006F89B142}.Debug|Any CPU.Build.0 = Debug|Any CPU
		{520C476A-6571-452A-B879-6C006F89B142}.Release|Any CPU.ActiveCfg = Release|Any CPU
		{520C476A-6571-452A-B879-6C006F89B142}.Release|Any CPU.Build.0 = Release|Any CPU
	EndGlobalSection
	GlobalSection(SolutionProperties) = preSolution
		HideSolutionNode = FALSE
	EndGlobalSection
	GlobalSection(ExtensibilityGlobals) = postSolution
		SolutionGuid = {FFA16312-D3FE-41A3-874B-6CA09166C21B}
	EndGlobalSection
EndGlobal
